
Microsoft Visual Studio Solution File, Format Version 12.00
# Visual Studio Version 16
VisualStudioVersion = 16.0.29728.190
MinimumVisualStudioVersion = 10.0.40219.1
Project("{FAE04EC0-301F-11D3-BF4B-00C04F79EFBC}") = "ElevenNote.WebAPI", "ElevenNote.WebAPI\ElevenNote.WebAPI.csproj", "{3CB0FC49-93C4-4CB0-8851-B8329B337344}"
EndProject
Project("{FAE04EC0-301F-11D3-BF4B-00C04F79EFBC}") = "ElevenNote.Data", "ElevenNote.Data\ElevenNote.Data.csproj", "{B3D817C6-46D6-4256-97AC-0D806572F3D7}"
EndProject
Project("{FAE04EC0-301F-11D3-BF4B-00C04F79EFBC}") = "ElevenNote.Models", "ElevenNote.Models\ElevenNote.Models.csproj", "{04EE06D6-C6EC-4815-A930-F14688B375DE}"
EndProject
Project("{FAE04EC0-301F-11D3-BF4B-00C04F79EFBC}") = "ElevenNote.Services", "ElevenNote.Services\ElevenNote.Services.csproj", "{B7549507-44F3-4CA5-BFFE-2391475890D7}"
EndProject
Global
	GlobalSection(SolutionConfigurationPlatforms) = preSolution
		Debug|Any CPU = Debug|Any CPU
		Release|Any CPU = Release|Any CPU
	EndGlobalSection
	GlobalSection(ProjectConfigurationPlatforms) = postSolution
		{3CB0FC49-93C4-4CB0-8851-B8329B337344}.Debug|Any CPU.ActiveCfg = Debug|Any CPU
		{3CB0FC49-93C4-4CB0-8851-B8329B337344}.Debug|Any CPU.Build.0 = Debug|Any CPU
		{3CB0FC49-93C4-4CB0-8851-B8329B337344}.Release|Any CPU.ActiveCfg = Release|Any CPU
		{3CB0FC49-93C4-4CB0-8851-B8329B337344}.Release|Any CPU.Build.0 = Release|Any CPU
		{B3D817C6-46D6-4256-97AC-0D806572F3D7}.Debug|Any CPU.ActiveCfg = Debug|Any CPU
		{B3D817C6-46D6-4256-97AC-0D806572F3D7}.Debug|Any CPU.Build.0 = Debug|Any CPU
		{B3D817C6-46D6-4256-97AC-0D806572F3D7}.Release|Any CPU.ActiveCfg = Release|Any CPU
		{B3D817C6-46D6-4256-97AC-0D806572F3D7}.Release|Any CPU.Build.0 = Release|Any CPU
		{04EE06D6-C6EC-4815-A930-F14688B375DE}.Debug|Any CPU.ActiveCfg = Debug|Any CPU
		{04EE06D6-C6EC-4815-A930-F14688B375DE}.Debug|Any CPU.Build.0 = Debug|Any CPU
		{04EE06D6-C6EC-4815-A930-F14688B375DE}.Release|Any CPU.ActiveCfg = Release|Any CPU
		{04EE06D6-C6EC-4815-A930-F14688B375DE}.Release|Any CPU.Build.0 = Release|Any CPU
		{B7549507-44F3-4CA5-BFFE-2391475890D7}.Debug|Any CPU.ActiveCfg = Debug|Any CPU
		{B7549507-44F3-4CA5-BFFE-2391475890D7}.Debug|Any CPU.Build.0 = Debug|Any CPU
		{B7549507-44F3-4CA5-BFFE-2391475890D7}.Release|Any CPU.ActiveCfg = Release|Any CPU
		{B7549507-44F3-4CA5-BFFE-2391475890D7}.Release|Any CPU.Build.0 = Release|Any CPU
	EndGlobalSection
	GlobalSection(SolutionProperties) = preSolution
		HideSolutionNode = FALSE
	EndGlobalSection
	GlobalSection(ExtensibilityGlobals) = postSolution
		SolutionGuid = {30157B81-EE4D-4930-99E3-345644FE4E5F}
	EndGlobalSection
EndGlobal
